
Microsoft Visual Studio Solution File, Format Version 12.00
# Visual Studio Version 17
VisualStudioVersion = 17.3.32922.545
MinimumVisualStudioVersion = 10.0.40219.1
Project("{FAE04EC0-301F-11D3-BF4B-00C04F79EFBC}") = "EmailTest", "EmailTest\EmailTest.csproj", "{791965BE-ED28-40A0-B41F-7FDD54417391}"
EndProject
Global
	GlobalSection(SolutionConfigurationPlatforms) = preSolution
		Debug|Any CPU = Debug|Any CPU
		Release|Any CPU = Release|Any CPU
	EndGlobalSection
	GlobalSection(ProjectConfigurationPlatforms) = postSolution
		{791965BE-ED28-40A0-B41F-7FDD54417391}.Debug|Any CPU.ActiveCfg = Debug|Any CPU
		{791965BE-ED28-40A0-B41F-7FDD54417391}.Debug|Any CPU.Build.0 = Debug|Any CPU
		{791965BE-ED28-40A0-B41F-7FDD54417391}.Release|Any CPU.ActiveCfg = Release|Any CPU
		{791965BE-ED28-40A0-B41F-7FDD54417391}.Release|Any CPU.Build.0 = Release|Any CPU
	EndGlobalSection
	GlobalSection(SolutionProperties) = preSolution
		HideSolutionNode = FALSE
	EndGlobalSection
	GlobalSection(ExtensibilityGlobals) = postSolution
		SolutionGuid = {16545B1B-55FB-4159-A1A7-56E52343FDF2}
	EndGlobalSection
EndGlobal
